// !$*UTF8*$!
{
	archiveVersion = 1;
	classes = {
	};
	objectVersion = 45;
	objects = {

/* Begin PBXBuildFile section */
		801B2B8613DB29AA009E647B /* icon.icns in Resources */ = {isa = PBXBuildFile; fileRef = 801B2B8513DB29AA009E647B /* icon.icns */; };
		802464E713A54EB300E1AB10 /* AppKit.framework in Frameworks */ = {isa = PBXBuildFile; fileRef = 802464E613A54EB300E1AB10 /* AppKit.framework */; };
		805B11E613C25EAD005252CA /* QC.png in Resources */ = {isa = PBXBuildFile; fileRef = 805B11D913C25EAD005252CA /* QC.png */; };
		805B11E713C25EAD005252CA /* JC.png in Resources */ = {isa = PBXBuildFile; fileRef = 805B11DA13C25EAD005252CA /* JC.png */; };
		805B11E813C25EAD005252CA /* KC.png in Resources */ = {isa = PBXBuildFile; fileRef = 805B11DB13C25EAD005252CA /* KC.png */; };
		805B11E913C25EAD005252CA /* XC.png in Resources */ = {isa = PBXBuildFile; fileRef = 805B11DC13C25EAD005252CA /* XC.png */; };
		805B11EA13C25EAD005252CA /* 8C.png in Resources */ = {isa = PBXBuildFile; fileRef = 805B11DD13C25EAD005252CA /* 8C.png */; };
		805B11EB13C25EAD005252CA /* 7C.png in Resources */ = {isa = PBXBuildFile; fileRef = 805B11DE13C25EAD005252CA /* 7C.png */; };
		805B11EC13C25EAD005252CA /* 9C.png in Resources */ = {isa = PBXBuildFile; fileRef = 805B11DF13C25EAD005252CA /* 9C.png */; };
		805B11ED13C25EAD005252CA /* 6C.png in Resources */ = {isa = PBXBuildFile; fileRef = 805B11E013C25EAD005252CA /* 6C.png */; };
		805B11EE13C25EAD005252CA /* AC.png in Resources */ = {isa = PBXBuildFile; fileRef = 805B11E113C25EAD005252CA /* AC.png */; };
		805B11EF13C25EAD005252CA /* 5C.png in Resources */ = {isa = PBXBuildFile; fileRef = 805B11E213C25EAD005252CA /* 5C.png */; };
		805B11F013C25EAD005252CA /* 4C.png in Resources */ = {isa = PBXBuildFile; fileRef = 805B11E313C25EAD005252CA /* 4C.png */; };
		805B11F113C25EAD005252CA /* 2C.png in Resources */ = {isa = PBXBuildFile; fileRef = 805B11E413C25EAD005252CA /* 2C.png */; };
		805B11F213C25EAD005252CA /* 3C.png in Resources */ = {isa = PBXBuildFile; fileRef = 805B11E513C25EAD005252CA /* 3C.png */; };
		809072A713E25D430005E5D5 /* AIPlayer.m in Sources */ = {isa = PBXBuildFile; fileRef = 809072A613E25D430005E5D5 /* AIPlayer.m */; };
		809072A913E2618F0005E5D5 /* AIPlayer.xib in Resources */ = {isa = PBXBuildFile; fileRef = 809072A813E2618F0005E5D5 /* AIPlayer.xib */; };
		8093E898136108BE005CA509 /* Card.m in Sources */ = {isa = PBXBuildFile; fileRef = 801909CB12D18112005A9561 /* Card.m */; };
		8093E899136108BE005CA509 /* Deck.m in Sources */ = {isa = PBXBuildFile; fileRef = 801909DC12D18415005A9561 /* Deck.m */; };
		8093E89A136108BE005CA509 /* Hand.m in Sources */ = {isa = PBXBuildFile; fileRef = 80190A5812D2FF73005A9561 /* Hand.m */; };
		8093E89B136108BE005CA509 /* game.m in Sources */ = {isa = PBXBuildFile; fileRef = 802E267C12E74D420041795E /* game.m */; };
		8093E91F136108CF005CA509 /* Foundation.framework in Frameworks */ = {isa = PBXBuildFile; fileRef = 08FB779EFE84155DC02AAC07 /* Foundation.framework */; };
		8093E920136108CF005CA509 /* Cocoa.framework in Frameworks */ = {isa = PBXBuildFile; fileRef = 80AB36B6135B9B5200300D62 /* Cocoa.framework */; };
		8093E96013610C00005CA509 /* main.m in Sources */ = {isa = PBXBuildFile; fileRef = 8093E95F13610C00005CA509 /* main.m */; };
		8093E96413610C6C005CA509 /* cardsAppDelegate.m in Sources */ = {isa = PBXBuildFile; fileRef = 8093E96313610C6C005CA509 /* cardsAppDelegate.m */; };
		8093EA0613611865005CA509 /* GameView.m in Sources */ = {isa = PBXBuildFile; fileRef = 8093EA0513611865005CA509 /* GameView.m */; };
		8096B0FD13E63FC100920F38 /* Thinker.m in Sources */ = {isa = PBXBuildFile; fileRef = 8096B0FC13E63FC100920F38 /* Thinker.m */; };
		8098326513C28D91007F349F /* back.png in Resources */ = {isa = PBXBuildFile; fileRef = 8098326413C28D91007F349F /* back.png */; };
		80BAB00413653D2400389685 /* Player.m in Sources */ = {isa = PBXBuildFile; fileRef = 80BAB00213653CFE00389685 /* Player.m */; };
		80BAB01413653FEE00389685 /* Player.xib in Resources */ = {isa = PBXBuildFile; fileRef = 80BAB01313653FEE00389685 /* Player.xib */; };
		80BAB19E136680C100389685 /* Board.xib in Resources */ = {isa = PBXBuildFile; fileRef = 80BAB19D136680C100389685 /* Board.xib */; };
		80E264E813C27E9C00B8C037 /* KS.png in Resources */ = {isa = PBXBuildFile; fileRef = 80E264C113C27E9C00B8C037 /* KS.png */; };
		80E264E913C27E9C00B8C037 /* XS.png in Resources */ = {isa = PBXBuildFile; fileRef = 80E264C213C27E9C00B8C037 /* XS.png */; };
		80E264EA13C27E9C00B8C037 /* JS.png in Resources */ = {isa = PBXBuildFile; fileRef = 80E264C313C27E9C00B8C037 /* JS.png */; };
		80E264EB13C27E9C00B8C037 /* QS.png in Resources */ = {isa = PBXBuildFile; fileRef = 80E264C413C27E9C00B8C037 /* QS.png */; };
		80E264EC13C27E9C00B8C037 /* 7S.png in Resources */ = {isa = PBXBuildFile; fileRef = 80E264C513C27E9C00B8C037 /* 7S.png */; };
		80E264ED13C27E9C00B8C037 /* 8S.png in Resources */ = {isa = PBXBuildFile; fileRef = 80E264C613C27E9C00B8C037 /* 8S.png */; };
		80E264EE13C27E9C00B8C037 /* 9S.png in Resources */ = {isa = PBXBuildFile; fileRef = 80E264C713C27E9C00B8C037 /* 9S.png */; };
		80E264EF13C27E9C00B8C037 /* 4S.png in Resources */ = {isa = PBXBuildFile; fileRef = 80E264C813C27E9C00B8C037 /* 4S.png */; };
		80E264F013C27E9C00B8C037 /* 5S.png in Resources */ = {isa = PBXBuildFile; fileRef = 80E264C913C27E9C00B8C037 /* 5S.png */; };
		80E264F113C27E9C00B8C037 /* 6S.png in Resources */ = {isa = PBXBuildFile; fileRef = 80E264CA13C27E9C00B8C037 /* 6S.png */; };
		80E264F213C27E9C00B8C037 /* AS.png in Resources */ = {isa = PBXBuildFile; fileRef = 80E264CB13C27E9C00B8C037 /* AS.png */; };
		80E264F313C27E9C00B8C037 /* 2S.png in Resources */ = {isa = PBXBuildFile; fileRef = 80E264CC13C27E9C00B8C037 /* 2S.png */; };
		80E264F413C27E9C00B8C037 /* 3S.png in Resources */ = {isa = PBXBuildFile; fileRef = 80E264CD13C27E9C00B8C037 /* 3S.png */; };
		80E264F513C27E9C00B8C037 /* KH.png in Resources */ = {isa = PBXBuildFile; fileRef = 80E264CE13C27E9C00B8C037 /* KH.png */; };
		80E264F613C27E9C00B8C037 /* XH.png in Resources */ = {isa = PBXBuildFile; fileRef = 80E264CF13C27E9C00B8C037 /* XH.png */; };
		80E264F713C27E9C00B8C037 /* JH.png in Resources */ = {isa = PBXBuildFile; fileRef = 80E264D013C27E9C00B8C037 /* JH.png */; };
		80E264F813C27E9C00B8C037 /* QH.png in Resources */ = {isa = PBXBuildFile; fileRef = 80E264D113C27E9C00B8C037 /* QH.png */; };
		80E264F913C27E9C00B8C037 /* 7H.png in Resources */ = {isa = PBXBuildFile; fileRef = 80E264D213C27E9C00B8C037 /* 7H.png */; };
		80E264FA13C27E9C00B8C037 /* 8H.png in Resources */ = {isa = PBXBuildFile; fileRef = 80E264D313C27E9C00B8C037 /* 8H.png */; };
		80E264FB13C27E9C00B8C037 /* 9H.png in Resources */ = {isa = PBXBuildFile; fileRef = 80E264D413C27E9C00B8C037 /* 9H.png */; };
		80E264FC13C27E9C00B8C037 /* 4H.png in Resources */ = {isa = PBXBuildFile; fileRef = 80E264D513C27E9C00B8C037 /* 4H.png */; };
		80E264FD13C27E9C00B8C037 /* 5H.png in Resources */ = {isa = PBXBuildFile; fileRef = 80E264D613C27E9C00B8C037 /* 5H.png */; };
		80E264FE13C27E9C00B8C037 /* 6H.png in Resources */ = {isa = PBXBuildFile; fileRef = 80E264D713C27E9C00B8C037 /* 6H.png */; };
		80E264FF13C27E9C00B8C037 /* AH.png in Resources */ = {isa = PBXBuildFile; fileRef = 80E264D813C27E9C00B8C037 /* AH.png */; };
		80E2650013C27E9C00B8C037 /* 2H.png in Resources */ = {isa = PBXBuildFile; fileRef = 80E264D913C27E9C00B8C037 /* 2H.png */; };
		80E2650113C27E9C00B8C037 /* 3H.png in Resources */ = {isa = PBXBuildFile; fileRef = 80E264DA13C27E9C00B8C037 /* 3H.png */; };
		80E2650213C27E9C00B8C037 /* KD.png in Resources */ = {isa = PBXBuildFile; fileRef = 80E264DB13C27E9C00B8C037 /* KD.png */; };
		80E2650313C27E9C00B8C037 /* XD.png in Resources */ = {isa = PBXBuildFile; fileRef = 80E264DC13C27E9C00B8C037 /* XD.png */; };
		80E2650413C27E9C00B8C037 /* JD.png in Resources */ = {isa = PBXBuildFile; fileRef = 80E264DD13C27E9C00B8C037 /* JD.png */; };
		80E2650513C27E9C00B8C037 /* QD.png in Resources */ = {isa = PBXBuildFile; fileRef = 80E264DE13C27E9C00B8C037 /* QD.png */; };
		80E2650613C27E9C00B8C037 /* 7D.png in Resources */ = {isa = PBXBuildFile; fileRef = 80E264DF13C27E9C00B8C037 /* 7D.png */; };
		80E2650713C27E9C00B8C037 /* 8D.png in Resources */ = {isa = PBXBuildFile; fileRef = 80E264E013C27E9C00B8C037 /* 8D.png */; };
		80E2650813C27E9C00B8C037 /* 9D.png in Resources */ = {isa = PBXBuildFile; fileRef = 80E264E113C27E9C00B8C037 /* 9D.png */; };
		80E2650913C27E9C00B8C037 /* 4D.png in Resources */ = {isa = PBXBuildFile; fileRef = 80E264E213C27E9C00B8C037 /* 4D.png */; };
		80E2650A13C27E9C00B8C037 /* 5D.png in Resources */ = {isa = PBXBuildFile; fileRef = 80E264E313C27E9C00B8C037 /* 5D.png */; };
		80E2650B13C27E9C00B8C037 /* 6D.png in Resources */ = {isa = PBXBuildFile; fileRef = 80E264E413C27E9C00B8C037 /* 6D.png */; };
		80E2650C13C27E9C00B8C037 /* AD.png in Resources */ = {isa = PBXBuildFile; fileRef = 80E264E513C27E9C00B8C037 /* AD.png */; };
		80E2650D13C27E9C00B8C037 /* 2D.png in Resources */ = {isa = PBXBuildFile; fileRef = 80E264E613C27E9C00B8C037 /* 2D.png */; };
		80E2650E13C27E9C00B8C037 /* 3D.png in Resources */ = {isa = PBXBuildFile; fileRef = 80E264E713C27E9C00B8C037 /* 3D.png */; };
		8448107D1363681C0036B736 /* MainMenu.xib in Resources */ = {isa = PBXBuildFile; fileRef = 8448107C1363681C0036B736 /* MainMenu.xib */; };
/* End PBXBuildFile section */

/* Begin PBXFileReference section */
		08FB779EFE84155DC02AAC07 /* Foundation.framework */ = {isa = PBXFileReference; lastKnownFileType = wrapper.framework; name = Foundation.framework; path = /System/Library/Frameworks/Foundation.framework; sourceTree = "<absolute>"; };
		32A70AAB03705E1F00C91783 /* cards_Prefix.pch */ = {isa = PBXFileReference; fileEncoding = 4; lastKnownFileType = sourcecode.c.h; path = cards_Prefix.pch; sourceTree = "<group>"; };
		801909CA12D18112005A9561 /* Card.h */ = {isa = PBXFileReference; fileEncoding = 4; lastKnownFileType = sourcecode.c.h; path = Card.h; sourceTree = "<group>"; };
		801909CB12D18112005A9561 /* Card.m */ = {isa = PBXFileReference; fileEncoding = 4; lastKnownFileType = sourcecode.c.objc; path = Card.m; sourceTree = "<group>"; };
		801909DB12D18415005A9561 /* Deck.h */ = {isa = PBXFileReference; fileEncoding = 4; lastKnownFileType = sourcecode.c.h; path = Deck.h; sourceTree = "<group>"; };
		801909DC12D18415005A9561 /* Deck.m */ = {isa = PBXFileReference; fileEncoding = 4; lastKnownFileType = sourcecode.c.objc; path = Deck.m; sourceTree = "<group>"; };
		80190A5712D2FF73005A9561 /* Hand.h */ = {isa = PBXFileReference; fileEncoding = 4; lastKnownFileType = sourcecode.c.h; path = Hand.h; sourceTree = "<group>"; };
		80190A5812D2FF73005A9561 /* Hand.m */ = {isa = PBXFileReference; fileEncoding = 4; lastKnownFileType = sourcecode.c.objc; path = Hand.m; sourceTree = "<group>"; };
		801B2B8513DB29AA009E647B /* icon.icns */ = {isa = PBXFileReference; lastKnownFileType = image.icns; path = icon.icns; sourceTree = "<group>"; };
		802464E613A54EB300E1AB10 /* AppKit.framework */ = {isa = PBXFileReference; lastKnownFileType = wrapper.framework; name = AppKit.framework; path = System/Library/Frameworks/AppKit.framework; sourceTree = SDKROOT; };
		802E267B12E74D420041795E /* game.h */ = {isa = PBXFileReference; fileEncoding = 4; lastKnownFileType = sourcecode.c.h; path = game.h; sourceTree = "<group>"; };
		802E267C12E74D420041795E /* game.m */ = {isa = PBXFileReference; fileEncoding = 4; lastKnownFileType = sourcecode.c.objc; path = game.m; sourceTree = "<group>"; };
		805B11D913C25EAD005252CA /* QC.png */ = {isa = PBXFileReference; lastKnownFileType = image.png; name = QC.png; path = images/QC.png; sourceTree = "<group>"; };
		805B11DA13C25EAD005252CA /* JC.png */ = {isa = PBXFileReference; lastKnownFileType = image.png; name = JC.png; path = images/JC.png; sourceTree = "<group>"; };
		805B11DB13C25EAD005252CA /* KC.png */ = {isa = PBXFileReference; lastKnownFileType = image.png; name = KC.png; path = images/KC.png; sourceTree = "<group>"; };
		805B11DC13C25EAD005252CA /* XC.png */ = {isa = PBXFileReference; lastKnownFileType = image.png; name = XC.png; path = images/XC.png; sourceTree = "<group>"; };
		805B11DD13C25EAD005252CA /* 8C.png */ = {isa = PBXFileReference; lastKnownFileType = image.png; name = 8C.png; path = images/8C.png; sourceTree = "<group>"; };
		805B11DE13C25EAD005252CA /* 7C.png */ = {isa = PBXFileReference; lastKnownFileType = image.png; name = 7C.png; path = images/7C.png; sourceTree = "<group>"; };
		805B11DF13C25EAD005252CA /* 9C.png */ = {isa = PBXFileReference; lastKnownFileType = image.png; name = 9C.png; path = images/9C.png; sourceTree = "<group>"; };
		805B11E013C25EAD005252CA /* 6C.png */ = {isa = PBXFileReference; lastKnownFileType = image.png; name = 6C.png; path = images/6C.png; sourceTree = "<group>"; };
		805B11E113C25EAD005252CA /* AC.png */ = {isa = PBXFileReference; lastKnownFileType = image.png; name = AC.png; path = images/AC.png; sourceTree = "<group>"; };
		805B11E213C25EAD005252CA /* 5C.png */ = {isa = PBXFileReference; lastKnownFileType = image.png; name = 5C.png; path = images/5C.png; sourceTree = "<group>"; };
		805B11E313C25EAD005252CA /* 4C.png */ = {isa = PBXFileReference; lastKnownFileType = image.png; name = 4C.png; path = images/4C.png; sourceTree = "<group>"; };
		805B11E413C25EAD005252CA /* 2C.png */ = {isa = PBXFileReference; lastKnownFileType = image.png; name = 2C.png; path = images/2C.png; sourceTree = "<group>"; };
		805B11E513C25EAD005252CA /* 3C.png */ = {isa = PBXFileReference; lastKnownFileType = image.png; name = 3C.png; path = images/3C.png; sourceTree = "<group>"; };
		809072A513E25D430005E5D5 /* AIPlayer.h */ = {isa = PBXFileReference; fileEncoding = 4; lastKnownFileType = sourcecode.c.h; path = AIPlayer.h; sourceTree = "<group>"; };
		809072A613E25D430005E5D5 /* AIPlayer.m */ = {isa = PBXFileReference; fileEncoding = 4; lastKnownFileType = sourcecode.c.objc; path = AIPlayer.m; sourceTree = "<group>"; };
		809072A813E2618F0005E5D5 /* AIPlayer.xib */ = {isa = PBXFileReference; fileEncoding = 4; lastKnownFileType = file.xib; path = AIPlayer.xib; sourceTree = "<group>"; };
		8093E89113610873005CA509 /* TexasHoldemMac.app */ = {isa = PBXFileReference; explicitFileType = wrapper.application; includeInIndex = 0; path = TexasHoldemMac.app; sourceTree = BUILT_PRODUCTS_DIR; };
		8093E89313610873005CA509 /* TexasHoldemMac-Info.plist */ = {isa = PBXFileReference; lastKnownFileType = text.plist.xml; path = "TexasHoldemMac-Info.plist"; sourceTree = "<group>"; };
		8093E95F13610C00005CA509 /* main.m */ = {isa = PBXFileReference; fileEncoding = 4; lastKnownFileType = sourcecode.c.objc; path = main.m; sourceTree = "<group>"; };
		8093E96113610C4C005CA509 /* cardsAppDelegate.h */ = {isa = PBXFileReference; fileEncoding = 4; lastKnownFileType = sourcecode.c.h; path = cardsAppDelegate.h; sourceTree = "<group>"; };
		8093E96313610C6C005CA509 /* cardsAppDelegate.m */ = {isa = PBXFileReference; fileEncoding = 4; lastKnownFileType = sourcecode.c.objc; path = cardsAppDelegate.m; sourceTree = "<group>"; };
		8093EA0413611865005CA509 /* GameView.h */ = {isa = PBXFileReference; fileEncoding = 4; lastKnownFileType = sourcecode.c.h; name = GameView.h; path = TexasHoldemMac/GameView.h; sourceTree = "<group>"; };
		8093EA0513611865005CA509 /* GameView.m */ = {isa = PBXFileReference; fileEncoding = 4; lastKnownFileType = sourcecode.c.objc; name = GameView.m; path = TexasHoldemMac/GameView.m; sourceTree = "<group>"; };
		8096B0FB13E63FC100920F38 /* Thinker.h */ = {isa = PBXFileReference; fileEncoding = 4; lastKnownFileType = sourcecode.c.h; path = Thinker.h; sourceTree = "<group>"; };
		8096B0FC13E63FC100920F38 /* Thinker.m */ = {isa = PBXFileReference; fileEncoding = 4; lastKnownFileType = sourcecode.c.objc; path = Thinker.m; sourceTree = "<group>"; };
		8098326413C28D91007F349F /* back.png */ = {isa = PBXFileReference; lastKnownFileType = image.png; name = back.png; path = images/back.png; sourceTree = "<group>"; };
		80AB36B6135B9B5200300D62 /* Cocoa.framework */ = {isa = PBXFileReference; lastKnownFileType = wrapper.framework; name = Cocoa.framework; path = System/Library/Frameworks/Cocoa.framework; sourceTree = SDKROOT; };
		80BAB00113653CFE00389685 /* Player.h */ = {isa = PBXFileReference; fileEncoding = 4; lastKnownFileType = sourcecode.c.h; name = Player.h; path = TexasHoldemMac/Player.h; sourceTree = "<group>"; };
		80BAB00213653CFE00389685 /* Player.m */ = {isa = PBXFileReference; fileEncoding = 4; lastKnownFileType = sourcecode.c.objc; name = Player.m; path = TexasHoldemMac/Player.m; sourceTree = "<group>"; };
		80BAB01313653FEE00389685 /* Player.xib */ = {isa = PBXFileReference; lastKnownFileType = file.xib; name = Player.xib; path = TexasHoldemMac/Player.xib; sourceTree = "<group>"; };
		80BAB19D136680C100389685 /* Board.xib */ = {isa = PBXFileReference; lastKnownFileType = file.xib; path = Board.xib; sourceTree = "<group>"; };
		80E264C113C27E9C00B8C037 /* KS.png */ = {isa = PBXFileReference; lastKnownFileType = image.png; name = KS.png; path = images/KS.png; sourceTree = "<group>"; };
		80E264C213C27E9C00B8C037 /* XS.png */ = {isa = PBXFileReference; lastKnownFileType = image.png; name = XS.png; path = images/XS.png; sourceTree = "<group>"; };
		80E264C313C27E9C00B8C037 /* JS.png */ = {isa = PBXFileReference; lastKnownFileType = image.png; name = JS.png; path = images/JS.png; sourceTree = "<group>"; };
		80E264C413C27E9C00B8C037 /* QS.png */ = {isa = PBXFileReference; lastKnownFileType = image.png; name = QS.png; path = images/QS.png; sourceTree = "<group>"; };
		80E264C513C27E9C00B8C037 /* 7S.png */ = {isa = PBXFileReference; lastKnownFileType = image.png; name = 7S.png; path = images/7S.png; sourceTree = "<group>"; };
		80E264C613C27E9C00B8C037 /* 8S.png */ = {isa = PBXFileReference; lastKnownFileType = image.png; name = 8S.png; path = images/8S.png; sourceTree = "<group>"; };
		80E264C713C27E9C00B8C037 /* 9S.png */ = {isa = PBXFileReference; lastKnownFileType = image.png; name = 9S.png; path = images/9S.png; sourceTree = "<group>"; };
		80E264C813C27E9C00B8C037 /* 4S.png */ = {isa = PBXFileReference; lastKnownFileType = image.png; name = 4S.png; path = images/4S.png; sourceTree = "<group>"; };
		80E264C913C27E9C00B8C037 /* 5S.png */ = {isa = PBXFileReference; lastKnownFileType = image.png; name = 5S.png; path = images/5S.png; sourceTree = "<group>"; };
		80E264CA13C27E9C00B8C037 /* 6S.png */ = {isa = PBXFileReference; lastKnownFileType = image.png; name = 6S.png; path = images/6S.png; sourceTree = "<group>"; };
		80E264CB13C27E9C00B8C037 /* AS.png */ = {isa = PBXFileReference; lastKnownFileType = image.png; name = AS.png; path = images/AS.png; sourceTree = "<group>"; };
		80E264CC13C27E9C00B8C037 /* 2S.png */ = {isa = PBXFileReference; lastKnownFileType = image.png; name = 2S.png; path = images/2S.png; sourceTree = "<group>"; };
		80E264CD13C27E9C00B8C037 /* 3S.png */ = {isa = PBXFileReference; lastKnownFileType = image.png; name = 3S.png; path = images/3S.png; sourceTree = "<group>"; };
		80E264CE13C27E9C00B8C037 /* KH.png */ = {isa = PBXFileReference; lastKnownFileType = image.png; name = KH.png; path = images/KH.png; sourceTree = "<group>"; };
		80E264CF13C27E9C00B8C037 /* XH.png */ = {isa = PBXFileReference; lastKnownFileType = image.png; name = XH.png; path = images/XH.png; sourceTree = "<group>"; };
		80E264D013C27E9C00B8C037 /* JH.png */ = {isa = PBXFileReference; lastKnownFileType = image.png; name = JH.png; path = images/JH.png; sourceTree = "<group>"; };
		80E264D113C27E9C00B8C037 /* QH.png */ = {isa = PBXFileReference; lastKnownFileType = image.png; name = QH.png; path = images/QH.png; sourceTree = "<group>"; };
		80E264D213C27E9C00B8C037 /* 7H.png */ = {isa = PBXFileReference; lastKnownFileType = image.png; name = 7H.png; path = images/7H.png; sourceTree = "<group>"; };
		80E264D313C27E9C00B8C037 /* 8H.png */ = {isa = PBXFileReference; lastKnownFileType = image.png; name = 8H.png; path = images/8H.png; sourceTree = "<group>"; };
		80E264D413C27E9C00B8C037 /* 9H.png */ = {isa = PBXFileReference; lastKnownFileType = image.png; name = 9H.png; path = images/9H.png; sourceTree = "<group>"; };
		80E264D513C27E9C00B8C037 /* 4H.png */ = {isa = PBXFileReference; lastKnownFileType = image.png; name = 4H.png; path = images/4H.png; sourceTree = "<group>"; };
		80E264D613C27E9C00B8C037 /* 5H.png */ = {isa = PBXFileReference; lastKnownFileType = image.png; name = 5H.png; path = images/5H.png; sourceTree = "<group>"; };
		80E264D713C27E9C00B8C037 /* 6H.png */ = {isa = PBXFileReference; lastKnownFileType = image.png; name = 6H.png; path = images/6H.png; sourceTree = "<group>"; };
		80E264D813C27E9C00B8C037 /* AH.png */ = {isa = PBXFileReference; lastKnownFileType = image.png; name = AH.png; path = images/AH.png; sourceTree = "<group>"; };
		80E264D913C27E9C00B8C037 /* 2H.png */ = {isa = PBXFileReference; lastKnownFileType = image.png; name = 2H.png; path = images/2H.png; sourceTree = "<group>"; };
		80E264DA13C27E9C00B8C037 /* 3H.png */ = {isa = PBXFileReference; lastKnownFileType = image.png; name = 3H.png; path = images/3H.png; sourceTree = "<group>"; };
		80E264DB13C27E9C00B8C037 /* KD.png */ = {isa = PBXFileReference; lastKnownFileType = image.png; name = KD.png; path = images/KD.png; sourceTree = "<group>"; };
		80E264DC13C27E9C00B8C037 /* XD.png */ = {isa = PBXFileReference; lastKnownFileType = image.png; name = XD.png; path = images/XD.png; sourceTree = "<group>"; };
		80E264DD13C27E9C00B8C037 /* JD.png */ = {isa = PBXFileReference; lastKnownFileType = image.png; name = JD.png; path = images/JD.png; sourceTree = "<group>"; };
		80E264DE13C27E9C00B8C037 /* QD.png */ = {isa = PBXFileReference; lastKnownFileType = image.png; name = QD.png; path = images/QD.png; sourceTree = "<group>"; };
		80E264DF13C27E9C00B8C037 /* 7D.png */ = {isa = PBXFileReference; lastKnownFileType = image.png; name = 7D.png; path = images/7D.png; sourceTree = "<group>"; };
		80E264E013C27E9C00B8C037 /* 8D.png */ = {isa = PBXFileReference; lastKnownFileType = image.png; name = 8D.png; path = images/8D.png; sourceTree = "<group>"; };
		80E264E113C27E9C00B8C037 /* 9D.png */ = {isa = PBXFileReference; lastKnownFileType = image.png; name = 9D.png; path = images/9D.png; sourceTree = "<group>"; };
		80E264E213C27E9C00B8C037 /* 4D.png */ = {isa = PBXFileReference; lastKnownFileType = image.png; name = 4D.png; path = images/4D.png; sourceTree = "<group>"; };
		80E264E313C27E9C00B8C037 /* 5D.png */ = {isa = PBXFileReference; lastKnownFileType = image.png; name = 5D.png; path = images/5D.png; sourceTree = "<group>"; };
		80E264E413C27E9C00B8C037 /* 6D.png */ = {isa = PBXFileReference; lastKnownFileType = image.png; name = 6D.png; path = images/6D.png; sourceTree = "<group>"; };
		80E264E513C27E9C00B8C037 /* AD.png */ = {isa = PBXFileReference; lastKnownFileType = image.png; name = AD.png; path = images/AD.png; sourceTree = "<group>"; };
		80E264E613C27E9C00B8C037 /* 2D.png */ = {isa = PBXFileReference; lastKnownFileType = image.png; name = 2D.png; path = images/2D.png; sourceTree = "<group>"; };
		80E264E713C27E9C00B8C037 /* 3D.png */ = {isa = PBXFileReference; lastKnownFileType = image.png; name = 3D.png; path = images/3D.png; sourceTree = "<group>"; };
		8448107C1363681C0036B736 /* MainMenu.xib */ = {isa = PBXFileReference; lastKnownFileType = file.xib; name = MainMenu.xib; path = TexasHoldemMac/MainMenu.xib; sourceTree = "<group>"; };
		C6859EA3029092ED04C91782 /* cards.1 */ = {isa = PBXFileReference; lastKnownFileType = text.man; path = cards.1; sourceTree = "<group>"; };
/* End PBXFileReference section */

/* Begin PBXFrameworksBuildPhase section */
		8093E88F13610873005CA509 /* Frameworks */ = {
			isa = PBXFrameworksBuildPhase;
			buildActionMask = 2147483647;
			files = (
				8093E91F136108CF005CA509 /* Foundation.framework in Frameworks */,
				8093E920136108CF005CA509 /* Cocoa.framework in Frameworks */,
				802464E713A54EB300E1AB10 /* AppKit.framework in Frameworks */,
			);
			runOnlyForDeploymentPostprocessing = 0;
		};
/* End PBXFrameworksBuildPhase section */

/* Begin PBXGroup section */
		08FB7794FE84155DC02AAC07 /* cards */ = {
			isa = PBXGroup;
			children = (
				805B11D813C25E76005252CA /* images */,
				8093E96913610CDF005CA509 /* TexasHoldemMac */,
				8093E88A136107C6005CA509 /* Resources */,
				08FB7795FE84155DC02AAC07 /* Source */,
				C6859EA2029092E104C91782 /* Documentation */,
				08FB779DFE84155DC02AAC07 /* External Frameworks and Libraries */,
				1AB674ADFE9D54B511CA2CBB /* Products */,
			);
			name = cards;
			sourceTree = "<group>";
		};
		08FB7795FE84155DC02AAC07 /* Source */ = {
			isa = PBXGroup;
			children = (
				8096B0FB13E63FC100920F38 /* Thinker.h */,
				8096B0FC13E63FC100920F38 /* Thinker.m */,
				802E267B12E74D420041795E /* game.h */,
				802E267C12E74D420041795E /* game.m */,
				801909DB12D18415005A9561 /* Deck.h */,
				801909DC12D18415005A9561 /* Deck.m */,
				80190A5712D2FF73005A9561 /* Hand.h */,
				80190A5812D2FF73005A9561 /* Hand.m */,
				801909CA12D18112005A9561 /* Card.h */,
				801909CB12D18112005A9561 /* Card.m */,
				32A70AAB03705E1F00C91783 /* cards_Prefix.pch */,
			);
			name = Source;
			sourceTree = "<group>";
		};
		08FB779DFE84155DC02AAC07 /* External Frameworks and Libraries */ = {
			isa = PBXGroup;
			children = (
				08FB779EFE84155DC02AAC07 /* Foundation.framework */,
				80AB36B6135B9B5200300D62 /* Cocoa.framework */,
				802464E613A54EB300E1AB10 /* AppKit.framework */,
			);
			name = "External Frameworks and Libraries";
			sourceTree = "<group>";
		};
		1AB674ADFE9D54B511CA2CBB /* Products */ = {
			isa = PBXGroup;
			children = (
				8093E89113610873005CA509 /* TexasHoldemMac.app */,
			);
			name = Products;
			sourceTree = "<group>";
		};
		805B11D813C25E76005252CA /* images */ = {
			isa = PBXGroup;
			children = (
				8098326413C28D91007F349F /* back.png */,
				805B11D913C25EAD005252CA /* QC.png */,
				80E264C113C27E9C00B8C037 /* KS.png */,
				80E264C213C27E9C00B8C037 /* XS.png */,
				80E264C313C27E9C00B8C037 /* JS.png */,
				80E264C413C27E9C00B8C037 /* QS.png */,
				80E264C513C27E9C00B8C037 /* 7S.png */,
				80E264C613C27E9C00B8C037 /* 8S.png */,
				80E264C713C27E9C00B8C037 /* 9S.png */,
				80E264C813C27E9C00B8C037 /* 4S.png */,
				80E264C913C27E9C00B8C037 /* 5S.png */,
				80E264CA13C27E9C00B8C037 /* 6S.png */,
				80E264CB13C27E9C00B8C037 /* AS.png */,
				80E264CC13C27E9C00B8C037 /* 2S.png */,
				80E264CD13C27E9C00B8C037 /* 3S.png */,
				80E264CE13C27E9C00B8C037 /* KH.png */,
				80E264CF13C27E9C00B8C037 /* XH.png */,
				80E264D013C27E9C00B8C037 /* JH.png */,
				80E264D113C27E9C00B8C037 /* QH.png */,
				80E264D213C27E9C00B8C037 /* 7H.png */,
				80E264D313C27E9C00B8C037 /* 8H.png */,
				80E264D413C27E9C00B8C037 /* 9H.png */,
				80E264D513C27E9C00B8C037 /* 4H.png */,
				80E264D613C27E9C00B8C037 /* 5H.png */,
				80E264D713C27E9C00B8C037 /* 6H.png */,
				80E264D813C27E9C00B8C037 /* AH.png */,
				80E264D913C27E9C00B8C037 /* 2H.png */,
				80E264DA13C27E9C00B8C037 /* 3H.png */,
				80E264DB13C27E9C00B8C037 /* KD.png */,
				80E264DC13C27E9C00B8C037 /* XD.png */,
				80E264DD13C27E9C00B8C037 /* JD.png */,
				80E264DE13C27E9C00B8C037 /* QD.png */,
				80E264DF13C27E9C00B8C037 /* 7D.png */,
				80E264E013C27E9C00B8C037 /* 8D.png */,
				80E264E113C27E9C00B8C037 /* 9D.png */,
				80E264E213C27E9C00B8C037 /* 4D.png */,
				80E264E313C27E9C00B8C037 /* 5D.png */,
				80E264E413C27E9C00B8C037 /* 6D.png */,
				80E264E513C27E9C00B8C037 /* AD.png */,
				80E264E613C27E9C00B8C037 /* 2D.png */,
				80E264E713C27E9C00B8C037 /* 3D.png */,
				805B11DA13C25EAD005252CA /* JC.png */,
				805B11DB13C25EAD005252CA /* KC.png */,
				805B11DC13C25EAD005252CA /* XC.png */,
				805B11DD13C25EAD005252CA /* 8C.png */,
				805B11DE13C25EAD005252CA /* 7C.png */,
				805B11DF13C25EAD005252CA /* 9C.png */,
				805B11E013C25EAD005252CA /* 6C.png */,
				805B11E113C25EAD005252CA /* AC.png */,
				805B11E213C25EAD005252CA /* 5C.png */,
				805B11E313C25EAD005252CA /* 4C.png */,
				805B11E413C25EAD005252CA /* 2C.png */,
				805B11E513C25EAD005252CA /* 3C.png */,
			);
			name = images;
			sourceTree = "<group>";
		};
		8093E88A136107C6005CA509 /* Resources */ = {
			isa = PBXGroup;
			children = (
				801B2B8513DB29AA009E647B /* icon.icns */,
				80BAB19D136680C100389685 /* Board.xib */,
				80BAB01313653FEE00389685 /* Player.xib */,
				809072A813E2618F0005E5D5 /* AIPlayer.xib */,
				8448107C1363681C0036B736 /* MainMenu.xib */,
				8093E89313610873005CA509 /* TexasHoldemMac-Info.plist */,
			);
			name = Resources;
			sourceTree = "<group>";
		};
		8093E96913610CDF005CA509 /* TexasHoldemMac */ = {
			isa = PBXGroup;
			children = (
				809072A513E25D430005E5D5 /* AIPlayer.h */,
				809072A613E25D430005E5D5 /* AIPlayer.m */,
				80BAB00113653CFE00389685 /* Player.h */,
				80BAB00213653CFE00389685 /* Player.m */,
				8093EA0413611865005CA509 /* GameView.h */,
				8093EA0513611865005CA509 /* GameView.m */,
				8093E95F13610C00005CA509 /* main.m */,
				8093E96113610C4C005CA509 /* cardsAppDelegate.h */,
				8093E96313610C6C005CA509 /* cardsAppDelegate.m */,
			);
			name = TexasHoldemMac;
			sourceTree = "<group>";
		};
		C6859EA2029092E104C91782 /* Documentation */ = {
			isa = PBXGroup;
			children = (
				C6859EA3029092ED04C91782 /* cards.1 */,
			);
			name = Documentation;
			sourceTree = "<group>";
		};
/* End PBXGroup section */

/* Begin PBXNativeTarget section */
		8093E89013610873005CA509 /* TexasHoldemMac */ = {
			isa = PBXNativeTarget;
			buildConfigurationList = 8093E89613610873005CA509 /* Build configuration list for PBXNativeTarget "TexasHoldemMac" */;
			buildPhases = (
				8093E88D13610873005CA509 /* Resources */,
				8093E88E13610873005CA509 /* Sources */,
				8093E88F13610873005CA509 /* Frameworks */,
			);
			buildRules = (
			);
			dependencies = (
			);
			name = TexasHoldemMac;
			productName = TexasHoldemMac;
			productReference = 8093E89113610873005CA509 /* TexasHoldemMac.app */;
			productType = "com.apple.product-type.application";
		};
/* End PBXNativeTarget section */

/* Begin PBXProject section */
		08FB7793FE84155DC02AAC07 /* Project object */ = {
			isa = PBXProject;
			attributes = {
				LastUpgradeCheck = 0410;
			};
			buildConfigurationList = 1DEB927808733DD40010E9CD /* Build configuration list for PBXProject "cards" */;
			compatibilityVersion = "Xcode 3.1";
			developmentRegion = English;
			hasScannedForEncodings = 1;
			knownRegions = (
				English,
				Japanese,
				French,
				German,
			);
			mainGroup = 08FB7794FE84155DC02AAC07 /* cards */;
			projectDirPath = "";
			projectRoot = "";
			targets = (
				8093E89013610873005CA509 /* TexasHoldemMac */,
			);
		};
/* End PBXProject section */

/* Begin PBXResourcesBuildPhase section */
		8093E88D13610873005CA509 /* Resources */ = {
			isa = PBXResourcesBuildPhase;
			buildActionMask = 2147483647;
			files = (
				8448107D1363681C0036B736 /* MainMenu.xib in Resources */,
				80BAB01413653FEE00389685 /* Player.xib in Resources */,
				80BAB19E136680C100389685 /* Board.xib in Resources */,
				805B11E613C25EAD005252CA /* QC.png in Resources */,
				805B11E713C25EAD005252CA /* JC.png in Resources */,
				805B11E813C25EAD005252CA /* KC.png in Resources */,
				805B11E913C25EAD005252CA /* XC.png in Resources */,
				805B11EA13C25EAD005252CA /* 8C.png in Resources */,
				805B11EB13C25EAD005252CA /* 7C.png in Resources */,
				805B11EC13C25EAD005252CA /* 9C.png in Resources */,
				805B11ED13C25EAD005252CA /* 6C.png in Resources */,
				805B11EE13C25EAD005252CA /* AC.png in Resources */,
				805B11EF13C25EAD005252CA /* 5C.png in Resources */,
				805B11F013C25EAD005252CA /* 4C.png in Resources */,
				805B11F113C25EAD005252CA /* 2C.png in Resources */,
				805B11F213C25EAD005252CA /* 3C.png in Resources */,
				80E264E813C27E9C00B8C037 /* KS.png in Resources */,
				80E264E913C27E9C00B8C037 /* XS.png in Resources */,
				80E264EA13C27E9C00B8C037 /* JS.png in Resources */,
				80E264EB13C27E9C00B8C037 /* QS.png in Resources */,
				80E264EC13C27E9C00B8C037 /* 7S.png in Resources */,
				80E264ED13C27E9C00B8C037 /* 8S.png in Resources */,
				80E264EE13C27E9C00B8C037 /* 9S.png in Resources */,
				80E264EF13C27E9C00B8C037 /* 4S.png in Resources */,
				80E264F013C27E9C00B8C037 /* 5S.png in Resources */,
				80E264F113C27E9C00B8C037 /* 6S.png in Resources */,
				80E264F213C27E9C00B8C037 /* AS.png in Resources */,
				80E264F313C27E9C00B8C037 /* 2S.png in Resources */,
				80E264F413C27E9C00B8C037 /* 3S.png in Resources */,
				80E264F513C27E9C00B8C037 /* KH.png in Resources */,
				80E264F613C27E9C00B8C037 /* XH.png in Resources */,
				80E264F713C27E9C00B8C037 /* JH.png in Resources */,
				80E264F813C27E9C00B8C037 /* QH.png in Resources */,
				80E264F913C27E9C00B8C037 /* 7H.png in Resources */,
				80E264FA13C27E9C00B8C037 /* 8H.png in Resources */,
				80E264FB13C27E9C00B8C037 /* 9H.png in Resources */,
				80E264FC13C27E9C00B8C037 /* 4H.png in Resources */,
				80E264FD13C27E9C00B8C037 /* 5H.png in Resources */,
				80E264FE13C27E9C00B8C037 /* 6H.png in Resources */,
				80E264FF13C27E9C00B8C037 /* AH.png in Resources */,
				80E2650013C27E9C00B8C037 /* 2H.png in Resources */,
				80E2650113C27E9C00B8C037 /* 3H.png in Resources */,
				80E2650213C27E9C00B8C037 /* KD.png in Resources */,
				80E2650313C27E9C00B8C037 /* XD.png in Resources */,
				80E2650413C27E9C00B8C037 /* JD.png in Resources */,
				80E2650513C27E9C00B8C037 /* QD.png in Resources */,
				80E2650613C27E9C00B8C037 /* 7D.png in Resources */,
				80E2650713C27E9C00B8C037 /* 8D.png in Resources */,
				80E2650813C27E9C00B8C037 /* 9D.png in Resources */,
				80E2650913C27E9C00B8C037 /* 4D.png in Resources */,
				80E2650A13C27E9C00B8C037 /* 5D.png in Resources */,
				80E2650B13C27E9C00B8C037 /* 6D.png in Resources */,
				80E2650C13C27E9C00B8C037 /* AD.png in Resources */,
				80E2650D13C27E9C00B8C037 /* 2D.png in Resources */,
				80E2650E13C27E9C00B8C037 /* 3D.png in Resources */,
				8098326513C28D91007F349F /* back.png in Resources */,
				801B2B8613DB29AA009E647B /* icon.icns in Resources */,
				809072A913E2618F0005E5D5 /* AIPlayer.xib in Resources */,
			);
			runOnlyForDeploymentPostprocessing = 0;
		};
/* End PBXResourcesBuildPhase section */

/* Begin PBXSourcesBuildPhase section */
		8093E88E13610873005CA509 /* Sources */ = {
			isa = PBXSourcesBuildPhase;
			buildActionMask = 2147483647;
			files = (
				80BAB00413653D2400389685 /* Player.m in Sources */,
				8093E898136108BE005CA509 /* Card.m in Sources */,
				8093E899136108BE005CA509 /* Deck.m in Sources */,
				8093E89A136108BE005CA509 /* Hand.m in Sources */,
				8093E89B136108BE005CA509 /* game.m in Sources */,
				8093E96013610C00005CA509 /* main.m in Sources */,
				8093E96413610C6C005CA509 /* cardsAppDelegate.m in Sources */,
				8093EA0613611865005CA509 /* GameView.m in Sources */,
				809072A713E25D430005E5D5 /* AIPlayer.m in Sources */,
				8096B0FD13E63FC100920F38 /* Thinker.m in Sources */,
			);
			runOnlyForDeploymentPostprocessing = 0;
		};
/* End PBXSourcesBuildPhase section */

/* Begin XCBuildConfiguration section */
		1DEB927908733DD40010E9CD /* Debug */ = {
			isa = XCBuildConfiguration;
			buildSettings = {
				ARCHS = "$(ARCHS_STANDARD_32_64_BIT)";
				GCC_C_LANGUAGE_STANDARD = gnu99;
				GCC_OPTIMIZATION_LEVEL = 0;
				GCC_WARN_ABOUT_RETURN_TYPE = YES;
				GCC_WARN_UNUSED_VARIABLE = YES;
				ONLY_ACTIVE_ARCH = YES;
				PREBINDING = NO;
				SDKROOT = macosx10.6;
			};
			name = Debug;
		};
		8093E89413610873005CA509 /* Debug */ = {
			isa = XCBuildConfiguration;
			buildSettings = {
				ALWAYS_SEARCH_USER_PATHS = NO;
				CODE_SIGN_IDENTITY = "";
				COPY_PHASE_STRIP = NO;
				GCC_DYNAMIC_NO_PIC = NO;
				GCC_ENABLE_FIX_AND_CONTINUE = YES;
				GCC_MODEL_TUNING = G5;
				GCC_OPTIMIZATION_LEVEL = 0;
				GCC_PRECOMPILE_PREFIX_HEADER = YES;
				GCC_PREFIX_HEADER = "$(SYSTEM_LIBRARY_DIR)/Frameworks/AppKit.framework/Headers/AppKit.h";
				INFOPLIST_FILE = "TexasHoldemMac-Info.plist";
				INSTALL_PATH = "$(HOME)/Applications";
				MACOSX_DEPLOYMENT_TARGET = 10.5;
				OTHER_LDFLAGS = (
					"-framework",
					Foundation,
					"-framework",
					AppKit,
				);
				PREBINDING = NO;
				PRODUCT_NAME = TexasHoldemMac;
			};
			name = Debug;
		};
		80E78FD113DC942C00D338AC /* Release */ = {
			isa = XCBuildConfiguration;
			buildSettings = {
				ARCHS = "$(ARCHS_STANDARD_32_64_BIT)";
				GCC_C_LANGUAGE_STANDARD = gnu99;
				GCC_OPTIMIZATION_LEVEL = 0;
				GCC_WARN_ABOUT_RETURN_TYPE = YES;
				GCC_WARN_UNUSED_VARIABLE = YES;
				ONLY_ACTIVE_ARCH = YES;
				PREBINDING = NO;
				SDKROOT = macosx10.6;
			};
			name = Release;
		};
		80E78FD213DC942C00D338AC /* Release */ = {
			isa = XCBuildConfiguration;
			buildSettings = {
				ALWAYS_SEARCH_USER_PATHS = NO;
				CODE_SIGN_IDENTITY = "";
				COPY_PHASE_STRIP = NO;
				GCC_DYNAMIC_NO_PIC = NO;
				GCC_ENABLE_FIX_AND_CONTINUE = YES;
				GCC_MODEL_TUNING = G5;
				GCC_OPTIMIZATION_LEVEL = 0;
				GCC_PRECOMPILE_PREFIX_HEADER = YES;
				GCC_PREFIX_HEADER = "$(SYSTEM_LIBRARY_DIR)/Frameworks/AppKit.framework/Headers/AppKit.h";
				INFOPLIST_FILE = "TexasHoldemMac-Info.plist";
				INSTALL_PATH = "$(HOME)/Applications";
				MACOSX_DEPLOYMENT_TARGET = 10.5;
				OTHER_LDFLAGS = (
					"-framework",
					Foundation,
					"-framework",
					AppKit,
				);
				PREBINDING = NO;
				PRODUCT_NAME = TexasHoldemMac;
			};
			name = Release;
		};
/* End XCBuildConfiguration section */

/* Begin XCConfigurationList section */
		1DEB927808733DD40010E9CD /* Build configuration list for PBXProject "cards" */ = {
			isa = XCConfigurationList;
			buildConfigurations = (
				1DEB927908733DD40010E9CD /* Debug */,
				80E78FD113DC942C00D338AC /* Release */,
			);
			defaultConfigurationIsVisible = 0;
			defaultConfigurationName = Debug;
		};
		8093E89613610873005CA509 /* Build configuration list for PBXNativeTarget "TexasHoldemMac" */ = {
			isa = XCConfigurationList;
			buildConfigurations = (
				8093E89413610873005CA509 /* Debug */,
				80E78FD213DC942C00D338AC /* Release */,
			);
			defaultConfigurationIsVisible = 0;
			defaultConfigurationName = Debug;
		};
/* End XCConfigurationList section */
	};
	rootObject = 08FB7793FE84155DC02AAC07 /* Project object */;
}
